
Microsoft Visual Studio Solution File, Format Version 12.00
Project("{FAE04EC0-301F-11D3-BF4B-00C04F79EFBC}") = "ECommerceSystem", "ECommerceSystem\ECommerceSystem.csproj", "{437C52C2-61BD-4813-B05E-7241800B1D07}"
EndProject
Global
	GlobalSection(SolutionConfigurationPlatforms) = preSolution
		Debug|Any CPU = Debug|Any CPU
		Release|Any CPU = Release|Any CPU
	EndGlobalSection
	GlobalSection(ProjectConfigurationPlatforms) = postSolution
		{437C52C2-61BD-4813-B05E-7241800B1D07}.Debug|Any CPU.ActiveCfg = Debug|Any CPU
		{437C52C2-61BD-4813-B05E-7241800B1D07}.Debug|Any CPU.Build.0 = Debug|Any CPU
		{437C52C2-61BD-4813-B05E-7241800B1D07}.Release|Any CPU.ActiveCfg = Release|Any CPU
		{437C52C2-61BD-4813-B05E-7241800B1D07}.Release|Any CPU.Build.0 = Release|Any CPU
	EndGlobalSection
EndGlobal
